
Microsoft Visual Studio Solution File, Format Version 12.00
# Visual Studio Version 17
VisualStudioVersion = 17.1.32210.238
MinimumVisualStudioVersion = 10.0.40219.1
Project("{9A19103F-16F7-4668-BE54-9A1E7A4F7556}") = "YunDa.ASIS.Server", "YunDa.ASIS.Server\YunDa.ASIS.Server.csproj", "{C4A346B3-D8D2-4D11-AA6E-D5B2666B8A43}"
EndProject
Project("{2150E333-8FDC-42A3-9474-1A3956D46DE8}") = "SmartParking", "SmartParking", "{9E973476-B2F7-4BA5-BB13-35F46DBA1901}"
EndProject
Project("{2150E333-8FDC-42A3-9474-1A3956D46DE8}") = "Client", "Client", "{EAD5333E-5A46-44C5-8E82-E06F0BA454CC}"
EndProject
Project("{2150E333-8FDC-42A3-9474-1A3956D46DE8}") = "Server", "Server", "{A0ABBBBA-D3A6-4E30-8865-0A5455DB2A13}"
EndProject
Project("{9A19103F-16F7-4668-BE54-9A1E7A4F7556}") = "SmartParking.Client.Start", "SmartParking\Client\SmartParking.Client.Start\SmartParking.Client.Start.csproj", "{0A66E447-4A48-4357-B713-AE0CEF378638}"
EndProject
Project("{9A19103F-16F7-4668-BE54-9A1E7A4F7556}") = "SmartParking.Client.Modules", "SmartParking\Client\SmartParking.Client.Modules\SmartParking.Client.Modules.csproj", "{2C4AF40A-09C6-482B-A54A-FE89CE7CAF1E}"
EndProject
Project("{9A19103F-16F7-4668-BE54-9A1E7A4F7556}") = "SmartParking.Client.Model", "SmartParking\Client\SmartParking.Client.Model\SmartParking.Client.Model.csproj", "{E75327C0-5884-4244-A394-55281D63D8B1}"
EndProject
Project("{9A19103F-16F7-4668-BE54-9A1E7A4F7556}") = "SmartParking.Client.DAL", "SmartParking\Client\SmartParking.Client.DAL\SmartParking.Client.DAL.csproj", "{489CE8A9-E70F-4D5E-A3F7-49F762CD95EF}"
EndProject
Project("{9A19103F-16F7-4668-BE54-9A1E7A4F7556}") = "SmartParking.Client.Common", "SmartParking\Client\SmartParking.Client.Common\SmartParking.Client.Common.csproj", "{BBAA9885-5F96-421B-BE70-57AB721C7E1C}"
EndProject
Project("{9A19103F-16F7-4668-BE54-9A1E7A4F7556}") = "SmartParking.Client.BLL", "SmartParking\Client\SmartParking.Client.BLL\SmartParking.Client.BLL.csproj", "{D9DD24F8-8836-490F-8FC4-7D2886FBBDB1}"
EndProject
Project("{9A19103F-16F7-4668-BE54-9A1E7A4F7556}") = "SmartParking.Client.Assets", "SmartParking\Client\SmartParking.Client.Assets\SmartParking.Client.Assets.csproj", "{DDE7807E-2D00-4B09-85FA-DA25F78684F9}"
EndProject
Project("{9A19103F-16F7-4668-BE54-9A1E7A4F7556}") = "SmartParking.Server.DAL", "SmartParking\Server\SmartParking.Server.DAL\SmartParking.Server.DAL.csproj", "{B22CEB4E-49A9-4F6C-9137-FFACD7EE5C31}"
EndProject
Project("{9A19103F-16F7-4668-BE54-9A1E7A4F7556}") = "SmartParking.Server.Model", "SmartParking\Server\SmartParking.Server.Model\SmartParking.Server.Model.csproj", "{11D95E5D-BD9D-47BA-AF4C-D799B28F4773}"
EndProject
Project("{9A19103F-16F7-4668-BE54-9A1E7A4F7556}") = "SmartParking.Server.Service", "SmartParking\Server\SmartParking.Server.Service\SmartParking.Server.Service.csproj", "{B19AE2B0-44BA-448F-9671-C454CD3744FE}"
EndProject
Project("{9A19103F-16F7-4668-BE54-9A1E7A4F7556}") = "SmartParking.Server.Start", "SmartParking\Server\SmartParking.Server.Start\SmartParking.Server.Start.csproj", "{4BB2FDBC-17DC-4EE9-884E-097CA1BEA963}"
EndProject
Global
	GlobalSection(SolutionConfigurationPlatforms) = preSolution
		Debug|Any CPU = Debug|Any CPU
		Release|Any CPU = Release|Any CPU
	EndGlobalSection
	GlobalSection(ProjectConfigurationPlatforms) = postSolution
		{C4A346B3-D8D2-4D11-AA6E-D5B2666B8A43}.Debug|Any CPU.ActiveCfg = Debug|Any CPU
		{C4A346B3-D8D2-4D11-AA6E-D5B2666B8A43}.Debug|Any CPU.Build.0 = Debug|Any CPU
		{C4A346B3-D8D2-4D11-AA6E-D5B2666B8A43}.Release|Any CPU.ActiveCfg = Release|Any CPU
		{C4A346B3-D8D2-4D11-AA6E-D5B2666B8A43}.Release|Any CPU.Build.0 = Release|Any CPU
		{0A66E447-4A48-4357-B713-AE0CEF378638}.Debug|Any CPU.ActiveCfg = Debug|Any CPU
		{0A66E447-4A48-4357-B713-AE0CEF378638}.Debug|Any CPU.Build.0 = Debug|Any CPU
		{0A66E447-4A48-4357-B713-AE0CEF378638}.Release|Any CPU.ActiveCfg = Release|Any CPU
		{0A66E447-4A48-4357-B713-AE0CEF378638}.Release|Any CPU.Build.0 = Release|Any CPU
		{2C4AF40A-09C6-482B-A54A-FE89CE7CAF1E}.Debug|Any CPU.ActiveCfg = Debug|Any CPU
		{2C4AF40A-09C6-482B-A54A-FE89CE7CAF1E}.Debug|Any CPU.Build.0 = Debug|Any CPU
		{2C4AF40A-09C6-482B-A54A-FE89CE7CAF1E}.Release|Any CPU.ActiveCfg = Release|Any CPU
		{2C4AF40A-09C6-482B-A54A-FE89CE7CAF1E}.Release|Any CPU.Build.0 = Release|Any CPU
		{E75327C0-5884-4244-A394-55281D63D8B1}.Debug|Any CPU.ActiveCfg = Debug|Any CPU
		{E75327C0-5884-4244-A394-55281D63D8B1}.Debug|Any CPU.Build.0 = Debug|Any CPU
		{E75327C0-5884-4244-A394-55281D63D8B1}.Release|Any CPU.ActiveCfg = Release|Any CPU
		{E75327C0-5884-4244-A394-55281D63D8B1}.Release|Any CPU.Build.0 = Release|Any CPU
		{489CE8A9-E70F-4D5E-A3F7-49F762CD95EF}.Debug|Any CPU.ActiveCfg = Debug|Any CPU
		{489CE8A9-E70F-4D5E-A3F7-49F762CD95EF}.Debug|Any CPU.Build.0 = Debug|Any CPU
		{489CE8A9-E70F-4D5E-A3F7-49F762CD95EF}.Release|Any CPU.ActiveCfg = Release|Any CPU
		{489CE8A9-E70F-4D5E-A3F7-49F762CD95EF}.Release|Any CPU.Build.0 = Release|Any CPU
		{BBAA9885-5F96-421B-BE70-57AB721C7E1C}.Debug|Any CPU.ActiveCfg = Debug|Any CPU
		{BBAA9885-5F96-421B-BE70-57AB721C7E1C}.Debug|Any CPU.Build.0 = Debug|Any CPU
		{BBAA9885-5F96-421B-BE70-57AB721C7E1C}.Release|Any CPU.ActiveCfg = Release|Any CPU
		{BBAA9885-5F96-421B-BE70-57AB721C7E1C}.Release|Any CPU.Build.0 = Release|Any CPU
		{D9DD24F8-8836-490F-8FC4-7D2886FBBDB1}.Debug|Any CPU.ActiveCfg = Debug|Any CPU
		{D9DD24F8-8836-490F-8FC4-7D2886FBBDB1}.Debug|Any CPU.Build.0 = Debug|Any CPU
		{D9DD24F8-8836-490F-8FC4-7D2886FBBDB1}.Release|Any CPU.ActiveCfg = Release|Any CPU
		{D9DD24F8-8836-490F-8FC4-7D2886FBBDB1}.Release|Any CPU.Build.0 = Release|Any CPU
		{DDE7807E-2D00-4B09-85FA-DA25F78684F9}.Debug|Any CPU.ActiveCfg = Debug|Any CPU
		{DDE7807E-2D00-4B09-85FA-DA25F78684F9}.Debug|Any CPU.Build.0 = Debug|Any CPU
		{DDE7807E-2D00-4B09-85FA-DA25F78684F9}.Release|Any CPU.ActiveCfg = Release|Any CPU
		{DDE7807E-2D00-4B09-85FA-DA25F78684F9}.Release|Any CPU.Build.0 = Release|Any CPU
		{B22CEB4E-49A9-4F6C-9137-FFACD7EE5C31}.Debug|Any CPU.ActiveCfg = Debug|Any CPU
		{B22CEB4E-49A9-4F6C-9137-FFACD7EE5C31}.Debug|Any CPU.Build.0 = Debug|Any CPU
		{B22CEB4E-49A9-4F6C-9137-FFACD7EE5C31}.Release|Any CPU.ActiveCfg = Release|Any CPU
		{B22CEB4E-49A9-4F6C-9137-FFACD7EE5C31}.Release|Any CPU.Build.0 = Release|Any CPU
		{11D95E5D-BD9D-47BA-AF4C-D799B28F4773}.Debug|Any CPU.ActiveCfg = Debug|Any CPU
		{11D95E5D-BD9D-47BA-AF4C-D799B28F4773}.Debug|Any CPU.Build.0 = Debug|Any CPU
		{11D95E5D-BD9D-47BA-AF4C-D799B28F4773}.Release|Any CPU.ActiveCfg = Release|Any CPU
		{11D95E5D-BD9D-47BA-AF4C-D799B28F4773}.Release|Any CPU.Build.0 = Release|Any CPU
		{B19AE2B0-44BA-448F-9671-C454CD3744FE}.Debug|Any CPU.ActiveCfg = Debug|Any CPU
		{B19AE2B0-44BA-448F-9671-C454CD3744FE}.Debug|Any CPU.Build.0 = Debug|Any CPU
		{B19AE2B0-44BA-448F-9671-C454CD3744FE}.Release|Any CPU.ActiveCfg = Release|Any CPU
		{B19AE2B0-44BA-448F-9671-C454CD3744FE}.Release|Any CPU.Build.0 = Release|Any CPU
		{4BB2FDBC-17DC-4EE9-884E-097CA1BEA963}.Debug|Any CPU.ActiveCfg = Debug|Any CPU
		{4BB2FDBC-17DC-4EE9-884E-097CA1BEA963}.Debug|Any CPU.Build.0 = Debug|Any CPU
		{4BB2FDBC-17DC-4EE9-884E-097CA1BEA963}.Release|Any CPU.ActiveCfg = Release|Any CPU
		{4BB2FDBC-17DC-4EE9-884E-097CA1BEA963}.Release|Any CPU.Build.0 = Release|Any CPU
	EndGlobalSection
	GlobalSection(SolutionProperties) = preSolution
		HideSolutionNode = FALSE
	EndGlobalSection
	GlobalSection(NestedProjects) = preSolution
		{EAD5333E-5A46-44C5-8E82-E06F0BA454CC} = {9E973476-B2F7-4BA5-BB13-35F46DBA1901}
		{A0ABBBBA-D3A6-4E30-8865-0A5455DB2A13} = {9E973476-B2F7-4BA5-BB13-35F46DBA1901}
		{0A66E447-4A48-4357-B713-AE0CEF378638} = {EAD5333E-5A46-44C5-8E82-E06F0BA454CC}
		{2C4AF40A-09C6-482B-A54A-FE89CE7CAF1E} = {EAD5333E-5A46-44C5-8E82-E06F0BA454CC}
		{E75327C0-5884-4244-A394-55281D63D8B1} = {EAD5333E-5A46-44C5-8E82-E06F0BA454CC}
		{489CE8A9-E70F-4D5E-A3F7-49F762CD95EF} = {EAD5333E-5A46-44C5-8E82-E06F0BA454CC}
		{BBAA9885-5F96-421B-BE70-57AB721C7E1C} = {EAD5333E-5A46-44C5-8E82-E06F0BA454CC}
		{D9DD24F8-8836-490F-8FC4-7D2886FBBDB1} = {EAD5333E-5A46-44C5-8E82-E06F0BA454CC}
		{DDE7807E-2D00-4B09-85FA-DA25F78684F9} = {EAD5333E-5A46-44C5-8E82-E06F0BA454CC}
		{B22CEB4E-49A9-4F6C-9137-FFACD7EE5C31} = {A0ABBBBA-D3A6-4E30-8865-0A5455DB2A13}
		{11D95E5D-BD9D-47BA-AF4C-D799B28F4773} = {A0ABBBBA-D3A6-4E30-8865-0A5455DB2A13}
		{B19AE2B0-44BA-448F-9671-C454CD3744FE} = {A0ABBBBA-D3A6-4E30-8865-0A5455DB2A13}
		{4BB2FDBC-17DC-4EE9-884E-097CA1BEA963} = {A0ABBBBA-D3A6-4E30-8865-0A5455DB2A13}
	EndGlobalSection
	GlobalSection(ExtensibilityGlobals) = postSolution
		SolutionGuid = {652EA9B3-A2C7-49F4-9928-83B50F53DC5D}
	EndGlobalSection
EndGlobal
